
Microsoft Visual Studio Solution File, Format Version 11.00
# Visual Studio 2010
Project("{2150E333-8FDC-42A3-9474-1A3956D46DE8}") = "Solution Items", "Solution Items", "{B13501F7-85BA-4316-BEB1-1853DDD1181A}"
	ProjectSection(SolutionItems) = preProject
		ReadMe.txt = ReadMe.txt
	EndProjectSection
EndProject
Project("{2150E333-8FDC-42A3-9474-1A3956D46DE8}") = "Libraries", "Libraries", "{3AC98097-63E5-4F82-9CF8-E0B534194755}"
EndProject
Project("{8BC9CEB8-8B4A-11D0-8D11-00A0C91BC942}") = "tessellation", "tessellation\tessellation_2010.vcxproj", "{37CD36EF-6AE5-4A1D-B37E-96143A21EDC2}"
EndProject
Project("{8BC9CEB8-8B4A-11D0-8D11-00A0C91BC942}") = "glewlib", "glew\glewlib_2010.vcxproj", "{05FFADE4-2B93-C899-00CA-AA717CA7A077}"
EndProject
Project("{8BC9CEB8-8B4A-11D0-8D11-00A0C91BC942}") = "mandelbrot", "mandelbrot\mandelbrot_2010.vcxproj", "{D8ADBEB9-8E7C-4517-89E0-B16C37393D64}"
EndProject
Project("{8BC9CEB8-8B4A-11D0-8D11-00A0C91BC942}") = "glui", "glui-2.35\src\msvc\glui_2010.vcxproj", "{304505FF-4A2A-471E-B163-17446985C98E}"
EndProject
Project("{8BC9CEB8-8B4A-11D0-8D11-00A0C91BC942}") = "particles", "particles\particles_2010.vcxproj", "{8A1937C5-B7D2-411F-911C-0F842C882421}"
EndProject
Project("{8BC9CEB8-8B4A-11D0-8D11-00A0C91BC942}") = "filter", "filter\filter_2010.vcxproj", "{7D8847A3-AA8A-452B-B6B2-EF21EFE59EE6}"
EndProject
Project("{8BC9CEB8-8B4A-11D0-8D11-00A0C91BC942}") = "cg4cpp", "cg4cpp\src\cg4cpp_2010.vcxproj", "{DD69089E-81D7-4BB2-8A3D-CBE3C94A8684}"
EndProject
Project("{8BC9CEB8-8B4A-11D0-8D11-00A0C91BC942}") = "glutstatic", "glut\glut_2010.vcxproj", "{216878F4-F20B-4AA3-BA83-E6D37E9A87C6}"
EndProject
Global
	GlobalSection(SolutionConfigurationPlatforms) = preSolution
		Debug|Win32 = Debug|Win32
		Debug|x64 = Debug|x64
		Release|Win32 = Release|Win32
		Release|x64 = Release|x64
	EndGlobalSection
	GlobalSection(ProjectConfigurationPlatforms) = postSolution
		{37CD36EF-6AE5-4A1D-B37E-96143A21EDC2}.Debug|Win32.ActiveCfg = Debug|Win32
		{37CD36EF-6AE5-4A1D-B37E-96143A21EDC2}.Debug|Win32.Build.0 = Debug|Win32
		{37CD36EF-6AE5-4A1D-B37E-96143A21EDC2}.Debug|x64.ActiveCfg = Debug|x64
		{37CD36EF-6AE5-4A1D-B37E-96143A21EDC2}.Debug|x64.Build.0 = Debug|x64
		{37CD36EF-6AE5-4A1D-B37E-96143A21EDC2}.Release|Win32.ActiveCfg = Release|Win32
		{37CD36EF-6AE5-4A1D-B37E-96143A21EDC2}.Release|Win32.Build.0 = Release|Win32
		{37CD36EF-6AE5-4A1D-B37E-96143A21EDC2}.Release|x64.ActiveCfg = Release|x64
		{37CD36EF-6AE5-4A1D-B37E-96143A21EDC2}.Release|x64.Build.0 = Release|x64
		{05FFADE4-2B93-C899-00CA-AA717CA7A077}.Debug|Win32.ActiveCfg = Debug|Win32
		{05FFADE4-2B93-C899-00CA-AA717CA7A077}.Debug|Win32.Build.0 = Debug|Win32
		{05FFADE4-2B93-C899-00CA-AA717CA7A077}.Debug|x64.ActiveCfg = Debug|x64
		{05FFADE4-2B93-C899-00CA-AA717CA7A077}.Debug|x64.Build.0 = Debug|x64
		{05FFADE4-2B93-C899-00CA-AA717CA7A077}.Release|Win32.ActiveCfg = Release|Win32
		{05FFADE4-2B93-C899-00CA-AA717CA7A077}.Release|Win32.Build.0 = Release|Win32
		{05FFADE4-2B93-C899-00CA-AA717CA7A077}.Release|x64.ActiveCfg = Release|x64
		{05FFADE4-2B93-C899-00CA-AA717CA7A077}.Release|x64.Build.0 = Release|x64
		{D8ADBEB9-8E7C-4517-89E0-B16C37393D64}.Debug|Win32.ActiveCfg = Debug|Win32
		{D8ADBEB9-8E7C-4517-89E0-B16C37393D64}.Debug|Win32.Build.0 = Debug|Win32
		{D8ADBEB9-8E7C-4517-89E0-B16C37393D64}.Debug|x64.ActiveCfg = Debug|x64
		{D8ADBEB9-8E7C-4517-89E0-B16C37393D64}.Debug|x64.Build.0 = Debug|x64
		{D8ADBEB9-8E7C-4517-89E0-B16C37393D64}.Release|Win32.ActiveCfg = Release|Win32
		{D8ADBEB9-8E7C-4517-89E0-B16C37393D64}.Release|Win32.Build.0 = Release|Win32
		{D8ADBEB9-8E7C-4517-89E0-B16C37393D64}.Release|x64.ActiveCfg = Release|x64
		{D8ADBEB9-8E7C-4517-89E0-B16C37393D64}.Release|x64.Build.0 = Release|x64
		{304505FF-4A2A-471E-B163-17446985C98E}.Debug|Win32.ActiveCfg = Debug|Win32
		{304505FF-4A2A-471E-B163-17446985C98E}.Debug|Win32.Build.0 = Debug|Win32
		{304505FF-4A2A-471E-B163-17446985C98E}.Debug|x64.ActiveCfg = Debug|x64
		{304505FF-4A2A-471E-B163-17446985C98E}.Debug|x64.Build.0 = Debug|x64
		{304505FF-4A2A-471E-B163-17446985C98E}.Release|Win32.ActiveCfg = Release|Win32
		{304505FF-4A2A-471E-B163-17446985C98E}.Release|Win32.Build.0 = Release|Win32
		{304505FF-4A2A-471E-B163-17446985C98E}.Release|x64.ActiveCfg = Release|x64
		{304505FF-4A2A-471E-B163-17446985C98E}.Release|x64.Build.0 = Release|x64
		{8A1937C5-B7D2-411F-911C-0F842C882421}.Debug|Win32.ActiveCfg = Debug|Win32
		{8A1937C5-B7D2-411F-911C-0F842C882421}.Debug|Win32.Build.0 = Debug|Win32
		{8A1937C5-B7D2-411F-911C-0F842C882421}.Debug|x64.ActiveCfg = Debug|x64
		{8A1937C5-B7D2-411F-911C-0F842C882421}.Debug|x64.Build.0 = Debug|x64
		{8A1937C5-B7D2-411F-911C-0F842C882421}.Release|Win32.ActiveCfg = Release|Win32
		{8A1937C5-B7D2-411F-911C-0F842C882421}.Release|Win32.Build.0 = Release|Win32
		{8A1937C5-B7D2-411F-911C-0F842C882421}.Release|x64.ActiveCfg = Release|x64
		{8A1937C5-B7D2-411F-911C-0F842C882421}.Release|x64.Build.0 = Release|x64
		{7D8847A3-AA8A-452B-B6B2-EF21EFE59EE6}.Debug|Win32.ActiveCfg = Debug|Win32
		{7D8847A3-AA8A-452B-B6B2-EF21EFE59EE6}.Debug|Win32.Build.0 = Debug|Win32
		{7D8847A3-AA8A-452B-B6B2-EF21EFE59EE6}.Debug|x64.ActiveCfg = Debug|x64
		{7D8847A3-AA8A-452B-B6B2-EF21EFE59EE6}.Debug|x64.Build.0 = Debug|x64
		{7D8847A3-AA8A-452B-B6B2-EF21EFE59EE6}.Release|Win32.ActiveCfg = Release|Win32
		{7D8847A3-AA8A-452B-B6B2-EF21EFE59EE6}.Release|Win32.Build.0 = Release|Win32
		{7D8847A3-AA8A-452B-B6B2-EF21EFE59EE6}.Release|x64.ActiveCfg = Release|x64
		{7D8847A3-AA8A-452B-B6B2-EF21EFE59EE6}.Release|x64.Build.0 = Release|x64
		{DD69089E-81D7-4BB2-8A3D-CBE3C94A8684}.Debug|Win32.ActiveCfg = Debug|Win32
		{DD69089E-81D7-4BB2-8A3D-CBE3C94A8684}.Debug|Win32.Build.0 = Debug|Win32
		{DD69089E-81D7-4BB2-8A3D-CBE3C94A8684}.Debug|x64.ActiveCfg = Debug|x64
		{DD69089E-81D7-4BB2-8A3D-CBE3C94A8684}.Debug|x64.Build.0 = Debug|x64
		{DD69089E-81D7-4BB2-8A3D-CBE3C94A8684}.Release|Win32.ActiveCfg = Release|Win32
		{DD69089E-81D7-4BB2-8A3D-CBE3C94A8684}.Release|Win32.Build.0 = Release|Win32
		{DD69089E-81D7-4BB2-8A3D-CBE3C94A8684}.Release|x64.ActiveCfg = Release|x64
		{DD69089E-81D7-4BB2-8A3D-CBE3C94A8684}.Release|x64.Build.0 = Release|x64
		{216878F4-F20B-4AA3-BA83-E6D37E9A87C6}.Debug|Win32.ActiveCfg = Debug|Win32
		{216878F4-F20B-4AA3-BA83-E6D37E9A87C6}.Debug|Win32.Build.0 = Debug|Win32
		{216878F4-F20B-4AA3-BA83-E6D37E9A87C6}.Debug|x64.ActiveCfg = Debug|x64
		{216878F4-F20B-4AA3-BA83-E6D37E9A87C6}.Debug|x64.Build.0 = Debug|x64
		{216878F4-F20B-4AA3-BA83-E6D37E9A87C6}.Release|Win32.ActiveCfg = Release|Win32
		{216878F4-F20B-4AA3-BA83-E6D37E9A87C6}.Release|Win32.Build.0 = Release|Win32
		{216878F4-F20B-4AA3-BA83-E6D37E9A87C6}.Release|x64.ActiveCfg = Release|x64
		{216878F4-F20B-4AA3-BA83-E6D37E9A87C6}.Release|x64.Build.0 = Release|x64
	EndGlobalSection
	GlobalSection(SolutionProperties) = preSolution
		HideSolutionNode = FALSE
	EndGlobalSection
	GlobalSection(NestedProjects) = preSolution
		{05FFADE4-2B93-C899-00CA-AA717CA7A077} = {3AC98097-63E5-4F82-9CF8-E0B534194755}
		{304505FF-4A2A-471E-B163-17446985C98E} = {3AC98097-63E5-4F82-9CF8-E0B534194755}
		{DD69089E-81D7-4BB2-8A3D-CBE3C94A8684} = {3AC98097-63E5-4F82-9CF8-E0B534194755}
		{216878F4-F20B-4AA3-BA83-E6D37E9A87C6} = {3AC98097-63E5-4F82-9CF8-E0B534194755}
	EndGlobalSection
EndGlobal
